
Microsoft Visual Studio Solution File, Format Version 12.00
# Visual Studio Version 17
VisualStudioVersion = 17.5.002.0
MinimumVisualStudioVersion = 10.0.40219.1
Project("{FAE04EC0-301F-11D3-BF4B-00C04F79EFBC}") = "Task4", "Task4\Task4.csproj", "{3BEC27C4-A1AE-4A3E-B1AA-0C18AD2A512F}"
EndProject
Project("{FAE04EC0-301F-11D3-BF4B-00C04F79EFBC}") = "Task6", "Task6\Task6.csproj", "{2B247578-10CC-4155-B4F0-118C7E8A8F56}"
EndProject
Project("{FAE04EC0-301F-11D3-BF4B-00C04F79EFBC}") = "Task7", "Task7\Task7.csproj", "{2A1EF178-5096-4E18-AA63-877C36370C0C}"
EndProject
Project("{FAE04EC0-301F-11D3-BF4B-00C04F79EFBC}") = "Task8", "Task8\Task8.csproj", "{4F2C7633-60CF-483C-AABE-85420E390AC9}"
EndProject
Project("{FAE04EC0-301F-11D3-BF4B-00C04F79EFBC}") = "Task5", "Task5\Task5.csproj", "{DF902055-7A76-4C77-95DC-F5F95A108268}"
EndProject
Project("{FAE04EC0-301F-11D3-BF4B-00C04F79EFBC}") = "Task9", "Task9\Task9.csproj", "{3D18B89E-48F8-46DF-A847-03500DCD6BAE}"
EndProject
Project("{FAE04EC0-301F-11D3-BF4B-00C04F79EFBC}") = "Task10", "Task10\Task10.csproj", "{C849261C-2936-469D-92E7-81FE4FBB2BB7}"
EndProject
Global
	GlobalSection(SolutionProperties) = preSolution
		HideSolutionNode = FALSE
	EndGlobalSection
	GlobalSection(ExtensibilityGlobals) = postSolution
		SolutionGuid = {C10A59AE-0D4D-4B23-BDAE-B41DDAB27AB1}
	EndGlobalSection
	GlobalSection(SolutionConfigurationPlatforms) = preSolution
		Debug|Any CPU = Debug|Any CPU
		Debug|x64 = Debug|x64
		Debug|x86 = Debug|x86
		Release|Any CPU = Release|Any CPU
		Release|x64 = Release|x64
		Release|x86 = Release|x86
	EndGlobalSection
	GlobalSection(ProjectConfigurationPlatforms) = postSolution
		{3BEC27C4-A1AE-4A3E-B1AA-0C18AD2A512F}.Debug|Any CPU.ActiveCfg = Debug|Any CPU
		{3BEC27C4-A1AE-4A3E-B1AA-0C18AD2A512F}.Debug|Any CPU.Build.0 = Debug|Any CPU
		{3BEC27C4-A1AE-4A3E-B1AA-0C18AD2A512F}.Debug|x64.ActiveCfg = Debug|Any CPU
		{3BEC27C4-A1AE-4A3E-B1AA-0C18AD2A512F}.Debug|x64.Build.0 = Debug|Any CPU
		{3BEC27C4-A1AE-4A3E-B1AA-0C18AD2A512F}.Debug|x86.ActiveCfg = Debug|Any CPU
		{3BEC27C4-A1AE-4A3E-B1AA-0C18AD2A512F}.Debug|x86.Build.0 = Debug|Any CPU
		{3BEC27C4-A1AE-4A3E-B1AA-0C18AD2A512F}.Release|Any CPU.ActiveCfg = Release|Any CPU
		{3BEC27C4-A1AE-4A3E-B1AA-0C18AD2A512F}.Release|Any CPU.Build.0 = Release|Any CPU
		{3BEC27C4-A1AE-4A3E-B1AA-0C18AD2A512F}.Release|x64.ActiveCfg = Release|Any CPU
		{3BEC27C4-A1AE-4A3E-B1AA-0C18AD2A512F}.Release|x64.Build.0 = Release|Any CPU
		{3BEC27C4-A1AE-4A3E-B1AA-0C18AD2A512F}.Release|x86.ActiveCfg = Release|Any CPU
		{3BEC27C4-A1AE-4A3E-B1AA-0C18AD2A512F}.Release|x86.Build.0 = Release|Any CPU
		{2B247578-10CC-4155-B4F0-118C7E8A8F56}.Debug|Any CPU.ActiveCfg = Debug|Any CPU
		{2B247578-10CC-4155-B4F0-118C7E8A8F56}.Debug|Any CPU.Build.0 = Debug|Any CPU
		{2B247578-10CC-4155-B4F0-118C7E8A8F56}.Debug|x64.ActiveCfg = Debug|Any CPU
		{2B247578-10CC-4155-B4F0-118C7E8A8F56}.Debug|x64.Build.0 = Debug|Any CPU
		{2B247578-10CC-4155-B4F0-118C7E8A8F56}.Debug|x86.ActiveCfg = Debug|Any CPU
		{2B247578-10CC-4155-B4F0-118C7E8A8F56}.Debug|x86.Build.0 = Debug|Any CPU
		{2B247578-10CC-4155-B4F0-118C7E8A8F56}.Release|Any CPU.ActiveCfg = Release|Any CPU
		{2B247578-10CC-4155-B4F0-118C7E8A8F56}.Release|Any CPU.Build.0 = Release|Any CPU
		{2B247578-10CC-4155-B4F0-118C7E8A8F56}.Release|x64.ActiveCfg = Release|Any CPU
		{2B247578-10CC-4155-B4F0-118C7E8A8F56}.Release|x64.Build.0 = Release|Any CPU
		{2B247578-10CC-4155-B4F0-118C7E8A8F56}.Release|x86.ActiveCfg = Release|Any CPU
		{2B247578-10CC-4155-B4F0-118C7E8A8F56}.Release|x86.Build.0 = Release|Any CPU
		{2A1EF178-5096-4E18-AA63-877C36370C0C}.Debug|Any CPU.ActiveCfg = Debug|Any CPU
		{2A1EF178-5096-4E18-AA63-877C36370C0C}.Debug|Any CPU.Build.0 = Debug|Any CPU
		{2A1EF178-5096-4E18-AA63-877C36370C0C}.Debug|x64.ActiveCfg = Debug|Any CPU
		{2A1EF178-5096-4E18-AA63-877C36370C0C}.Debug|x64.Build.0 = Debug|Any CPU
		{2A1EF178-5096-4E18-AA63-877C36370C0C}.Debug|x86.ActiveCfg = Debug|Any CPU
		{2A1EF178-5096-4E18-AA63-877C36370C0C}.Debug|x86.Build.0 = Debug|Any CPU
		{2A1EF178-5096-4E18-AA63-877C36370C0C}.Release|Any CPU.ActiveCfg = Release|Any CPU
		{2A1EF178-5096-4E18-AA63-877C36370C0C}.Release|Any CPU.Build.0 = Release|Any CPU
		{2A1EF178-5096-4E18-AA63-877C36370C0C}.Release|x64.ActiveCfg = Release|Any CPU
		{2A1EF178-5096-4E18-AA63-877C36370C0C}.Release|x64.Build.0 = Release|Any CPU
		{2A1EF178-5096-4E18-AA63-877C36370C0C}.Release|x86.ActiveCfg = Release|Any CPU
		{2A1EF178-5096-4E18-AA63-877C36370C0C}.Release|x86.Build.0 = Release|Any CPU
		{4F2C7633-60CF-483C-AABE-85420E390AC9}.Debug|Any CPU.ActiveCfg = Debug|Any CPU
		{4F2C7633-60CF-483C-AABE-85420E390AC9}.Debug|Any CPU.Build.0 = Debug|Any CPU
		{4F2C7633-60CF-483C-AABE-85420E390AC9}.Debug|x64.ActiveCfg = Debug|Any CPU
		{4F2C7633-60CF-483C-AABE-85420E390AC9}.Debug|x64.Build.0 = Debug|Any CPU
		{4F2C7633-60CF-483C-AABE-85420E390AC9}.Debug|x86.ActiveCfg = Debug|Any CPU
		{4F2C7633-60CF-483C-AABE-85420E390AC9}.Debug|x86.Build.0 = Debug|Any CPU
		{4F2C7633-60CF-483C-AABE-85420E390AC9}.Release|Any CPU.ActiveCfg = Release|Any CPU
		{4F2C7633-60CF-483C-AABE-85420E390AC9}.Release|Any CPU.Build.0 = Release|Any CPU
		{4F2C7633-60CF-483C-AABE-85420E390AC9}.Release|x64.ActiveCfg = Release|Any CPU
		{4F2C7633-60CF-483C-AABE-85420E390AC9}.Release|x64.Build.0 = Release|Any CPU
		{4F2C7633-60CF-483C-AABE-85420E390AC9}.Release|x86.ActiveCfg = Release|Any CPU
		{4F2C7633-60CF-483C-AABE-85420E390AC9}.Release|x86.Build.0 = Release|Any CPU
		{DF902055-7A76-4C77-95DC-F5F95A108268}.Debug|Any CPU.ActiveCfg = Debug|Any CPU
		{DF902055-7A76-4C77-95DC-F5F95A108268}.Debug|Any CPU.Build.0 = Debug|Any CPU
		{DF902055-7A76-4C77-95DC-F5F95A108268}.Debug|x64.ActiveCfg = Debug|Any CPU
		{DF902055-7A76-4C77-95DC-F5F95A108268}.Debug|x64.Build.0 = Debug|Any CPU
		{DF902055-7A76-4C77-95DC-F5F95A108268}.Debug|x86.ActiveCfg = Debug|Any CPU
		{DF902055-7A76-4C77-95DC-F5F95A108268}.Debug|x86.Build.0 = Debug|Any CPU
		{DF902055-7A76-4C77-95DC-F5F95A108268}.Release|Any CPU.ActiveCfg = Release|Any CPU
		{DF902055-7A76-4C77-95DC-F5F95A108268}.Release|Any CPU.Build.0 = Release|Any CPU
		{DF902055-7A76-4C77-95DC-F5F95A108268}.Release|x64.ActiveCfg = Release|Any CPU
		{DF902055-7A76-4C77-95DC-F5F95A108268}.Release|x64.Build.0 = Release|Any CPU
		{DF902055-7A76-4C77-95DC-F5F95A108268}.Release|x86.ActiveCfg = Release|Any CPU
		{DF902055-7A76-4C77-95DC-F5F95A108268}.Release|x86.Build.0 = Release|Any CPU
		{3D18B89E-48F8-46DF-A847-03500DCD6BAE}.Debug|Any CPU.ActiveCfg = Debug|Any CPU
		{3D18B89E-48F8-46DF-A847-03500DCD6BAE}.Debug|Any CPU.Build.0 = Debug|Any CPU
		{3D18B89E-48F8-46DF-A847-03500DCD6BAE}.Debug|x64.ActiveCfg = Debug|Any CPU
		{3D18B89E-48F8-46DF-A847-03500DCD6BAE}.Debug|x64.Build.0 = Debug|Any CPU
		{3D18B89E-48F8-46DF-A847-03500DCD6BAE}.Debug|x86.ActiveCfg = Debug|Any CPU
		{3D18B89E-48F8-46DF-A847-03500DCD6BAE}.Debug|x86.Build.0 = Debug|Any CPU
		{3D18B89E-48F8-46DF-A847-03500DCD6BAE}.Release|Any CPU.ActiveCfg = Release|Any CPU
		{3D18B89E-48F8-46DF-A847-03500DCD6BAE}.Release|Any CPU.Build.0 = Release|Any CPU
		{3D18B89E-48F8-46DF-A847-03500DCD6BAE}.Release|x64.ActiveCfg = Release|Any CPU
		{3D18B89E-48F8-46DF-A847-03500DCD6BAE}.Release|x64.Build.0 = Release|Any CPU
		{3D18B89E-48F8-46DF-A847-03500DCD6BAE}.Release|x86.ActiveCfg = Release|Any CPU
		{3D18B89E-48F8-46DF-A847-03500DCD6BAE}.Release|x86.Build.0 = Release|Any CPU
		{C849261C-2936-469D-92E7-81FE4FBB2BB7}.Debug|Any CPU.ActiveCfg = Debug|Any CPU
		{C849261C-2936-469D-92E7-81FE4FBB2BB7}.Debug|Any CPU.Build.0 = Debug|Any CPU
		{C849261C-2936-469D-92E7-81FE4FBB2BB7}.Debug|x64.ActiveCfg = Debug|Any CPU
		{C849261C-2936-469D-92E7-81FE4FBB2BB7}.Debug|x64.Build.0 = Debug|Any CPU
		{C849261C-2936-469D-92E7-81FE4FBB2BB7}.Debug|x86.ActiveCfg = Debug|Any CPU
		{C849261C-2936-469D-92E7-81FE4FBB2BB7}.Debug|x86.Build.0 = Debug|Any CPU
		{C849261C-2936-469D-92E7-81FE4FBB2BB7}.Release|Any CPU.ActiveCfg = Release|Any CPU
		{C849261C-2936-469D-92E7-81FE4FBB2BB7}.Release|Any CPU.Build.0 = Release|Any CPU
		{C849261C-2936-469D-92E7-81FE4FBB2BB7}.Release|x64.ActiveCfg = Release|Any CPU
		{C849261C-2936-469D-92E7-81FE4FBB2BB7}.Release|x64.Build.0 = Release|Any CPU
		{C849261C-2936-469D-92E7-81FE4FBB2BB7}.Release|x86.ActiveCfg = Release|Any CPU
		{C849261C-2936-469D-92E7-81FE4FBB2BB7}.Release|x86.Build.0 = Release|Any CPU
	EndGlobalSection
EndGlobal
